// !$*UTF8*$!
{
	archiveVersion = 1;
	classes = {
	};
	objectVersion = 77;
	objects = {

/* Begin PBXBuildFile section */
		A10000000000000000000001 /* ContentView.swift in Sources */ = {isa = PBXBuildFile; fileRef = A20000000000000000000001 /* ContentView.swift */; };
		A10000000000000000000002 /* RockyApp.swift in Sources */ = {isa = PBXBuildFile; fileRef = A20000000000000000000002 /* RockyApp.swift */; };
		A10000000000000000000003 /* PetState.swift in Sources */ = {isa = PBXBuildFile; fileRef = A20000000000000000000003 /* PetState.swift */; };
		A10000000000000000000004 /* PetSpriteView.swift in Sources */ = {isa = PBXBuildFile; fileRef = A20000000000000000000004 /* PetSpriteView.swift */; };
		A10000000000000000000005 /* PetWindowAccessor.swift in Sources */ = {isa = PBXBuildFile; fileRef = A20000000000000000000005 /* PetWindowAccessor.swift */; };
		A10000000000000000000006 /* PetDragSurface.swift in Sources */ = {isa = PBXBuildFile; fileRef = A20000000000000000000006 /* PetDragSurface.swift */; };
		A10000000000000000000007 /* Assets.xcassets in Resources */ = {isa = PBXBuildFile; fileRef = A20000000000000000000007 /* Assets.xcassets */; };
		A10000000000000000000008 /* spritesheet.webp in Resources */ = {isa = PBXBuildFile; fileRef = A20000000000000000000008 /* spritesheet.webp */; };
		A10000000000000000000009 /* pet.json in Resources */ = {isa = PBXBuildFile; fileRef = A20000000000000000000009 /* pet.json */; };
		A1000000000000000000000A /* PetBrainState.swift in Sources */ = {isa = PBXBuildFile; fileRef = A2000000000000000000000A /* PetBrainState.swift */; };
		A1000000000000000000000B /* GeminiSettings.swift in Sources */ = {isa = PBXBuildFile; fileRef = A2000000000000000000000B /* GeminiSettings.swift */; };
		A1000000000000000000000C /* GeminiLiveService.swift in Sources */ = {isa = PBXBuildFile; fileRef = A2000000000000000000000C /* GeminiLiveService.swift */; };
		A1000000000000000000000D /* AudioPlaybackService.swift in Sources */ = {isa = PBXBuildFile; fileRef = A2000000000000000000000D /* AudioPlaybackService.swift */; };
		A1000000000000000000000E /* AudioCaptureService.swift in Sources */ = {isa = PBXBuildFile; fileRef = A2000000000000000000000E /* AudioCaptureService.swift */; };
		A1000000000000000000000F /* PetBrainViewModel.swift in Sources */ = {isa = PBXBuildFile; fileRef = A2000000000000000000000F /* PetBrainViewModel.swift */; };
		A10000000000000000000011 /* Rocky/pets-gif in Resources */ = {isa = PBXBuildFile; fileRef = A20000000000000000000011 /* Rocky/pets-gif */; };
		A10000000000000000000012 /* baby-sleeping-breathing.mp3 in Resources */ = {isa = PBXBuildFile; fileRef = A20000000000000000000012 /* baby-sleeping-breathing.mp3 */; };
		A10000000000000000000014 /* TypingViews.swift in Sources */ = {isa = PBXBuildFile; fileRef = A20000000000000000000014 /* TypingViews.swift */; };
		A10000000000000000000015 /* ControlCenterView.swift in Sources */ = {isa = PBXBuildFile; fileRef = A20000000000000000000015 /* ControlCenterView.swift */; };
		A10000000000000000000016 /* UserProfileSettings.swift in Sources */ = {isa = PBXBuildFile; fileRef = A20000000000000000000016 /* UserProfileSettings.swift */; };
		A10000000000000000000017 /* KeychainStore.swift in Sources */ = {isa = PBXBuildFile; fileRef = A20000000000000000000017 /* KeychainStore.swift */; };
		A1000000000000000000001B /* PluginProvider.swift in Sources */ = {isa = PBXBuildFile; fileRef = A2000000000000000000001B /* PluginProvider.swift */; };
		A1000000000000000000001C /* PluginConnectionStore.swift in Sources */ = {isa = PBXBuildFile; fileRef = A2000000000000000000001C /* PluginConnectionStore.swift */; };
		A1000000000000000000001D /* PluginConnectionService.swift in Sources */ = {isa = PBXBuildFile; fileRef = A2000000000000000000001D /* PluginConnectionService.swift */; };
		A1000000000000000000001E /* PluginToolExecutionService.swift in Sources */ = {isa = PBXBuildFile; fileRef = A2000000000000000000001E /* PluginToolExecutionService.swift */; };
		A1000000000000000000001F /* GmailModels.swift in Sources */ = {isa = PBXBuildFile; fileRef = A2000000000000000000001F /* GmailModels.swift */; };
		A10000000000000000000020 /* ShortcutSettings.swift in Sources */ = {isa = PBXBuildFile; fileRef = A20000000000000000000020 /* ShortcutSettings.swift */; };
		A10000000000000000000021 /* ScheduleModels.swift in Sources */ = {isa = PBXBuildFile; fileRef = A20000000000000000000021 /* ScheduleModels.swift */; };
		A10000000000000000000022 /* ScheduleService.swift in Sources */ = {isa = PBXBuildFile; fileRef = A20000000000000000000022 /* ScheduleService.swift */; };
		A10000000000000000000023 /* MemoryService.swift in Sources */ = {isa = PBXBuildFile; fileRef = A20000000000000000000023 /* MemoryService.swift */; };
		A10000000000000000000024 /* MemorySettingsModels.swift in Sources */ = {isa = PBXBuildFile; fileRef = A20000000000000000000024 /* MemorySettingsModels.swift */; };
		A10000000000000000000025 /* AppUpdateService.swift in Sources */ = {isa = PBXBuildFile; fileRef = A20000000000000000000025 /* AppUpdateService.swift */; };
/* End PBXBuildFile section */

/* Begin PBXFileReference section */
		36760CA82FB476740099178D /* Rocky.app */ = {isa = PBXFileReference; explicitFileType = wrapper.application; includeInIndex = 0; path = Rocky.app; sourceTree = BUILT_PRODUCTS_DIR; };
		36B2B8B42FB63F2B007C1E90 /* dance.gif */ = {isa = PBXFileReference; lastKnownFileType = image.gif; path = dance.gif; sourceTree = "<group>"; };
		36B2B8B52FB63F2B007C1E90 /* drag_down.gif */ = {isa = PBXFileReference; lastKnownFileType = image.gif; path = drag_down.gif; sourceTree = "<group>"; };
		36B2B8B62FB63F2B007C1E90 /* drag_up.gif */ = {isa = PBXFileReference; lastKnownFileType = image.gif; path = drag_up.gif; sourceTree = "<group>"; };
		36B2B8B72FB63F2B007C1E90 /* happy.gif */ = {isa = PBXFileReference; lastKnownFileType = image.gif; path = happy.gif; sourceTree = "<group>"; };
		36B2B8B82FB63F2B007C1E90 /* idle.gif */ = {isa = PBXFileReference; lastKnownFileType = image.gif; path = idle.gif; sourceTree = "<group>"; };
		36B2B8B92FB63F2B007C1E90 /* sleep.gif */ = {isa = PBXFileReference; lastKnownFileType = image.gif; path = sleep.gif; sourceTree = "<group>"; };
		36B2B8BA2FB63F2B007C1E90 /* talking.gif */ = {isa = PBXFileReference; lastKnownFileType = image.gif; path = talking.gif; sourceTree = "<group>"; };
		36B2B8BB2FB63F2B007C1E90 /* thinking.gif */ = {isa = PBXFileReference; lastKnownFileType = image.gif; path = thinking.gif; sourceTree = "<group>"; };
		36B2B8BC2FB63F2B007C1E90 /* walk_left.gif */ = {isa = PBXFileReference; lastKnownFileType = image.gif; path = walk_left.gif; sourceTree = "<group>"; };
		36B2B8BD2FB63F2B007C1E90 /* walk_right.gif */ = {isa = PBXFileReference; lastKnownFileType = image.gif; path = walk_right.gif; sourceTree = "<group>"; };
		36B2B8BF2FB63F2B007C1E90 /* dance.gif */ = {isa = PBXFileReference; lastKnownFileType = image.gif; path = dance.gif; sourceTree = "<group>"; };
		36B2B8C02FB63F2B007C1E90 /* drag_down.gif */ = {isa = PBXFileReference; lastKnownFileType = image.gif; path = drag_down.gif; sourceTree = "<group>"; };
		36B2B8C12FB63F2B007C1E90 /* drag_up.gif */ = {isa = PBXFileReference; lastKnownFileType = image.gif; path = drag_up.gif; sourceTree = "<group>"; };
		36B2B8C22FB63F2B007C1E90 /* happy.gif */ = {isa = PBXFileReference; lastKnownFileType = image.gif; path = happy.gif; sourceTree = "<group>"; };
		36B2B8C32FB63F2B007C1E90 /* idle.gif */ = {isa = PBXFileReference; lastKnownFileType = image.gif; path = idle.gif; sourceTree = "<group>"; };
		36B2B8C42FB63F2B007C1E90 /* sleeping.gif */ = {isa = PBXFileReference; lastKnownFileType = image.gif; path = sleeping.gif; sourceTree = "<group>"; };
		36B2B8C52FB63F2B007C1E90 /* talking.gif */ = {isa = PBXFileReference; lastKnownFileType = image.gif; path = talking.gif; sourceTree = "<group>"; };
		36B2B8C62FB63F2B007C1E90 /* thinking.gif */ = {isa = PBXFileReference; lastKnownFileType = image.gif; path = thinking.gif; sourceTree = "<group>"; };
		36B2B8C72FB63F2B007C1E90 /* walking_left.gif */ = {isa = PBXFileReference; lastKnownFileType = image.gif; path = walking_left.gif; sourceTree = "<group>"; };
		36B2B8C82FB63F2B007C1E90 /* walking_right.gif */ = {isa = PBXFileReference; lastKnownFileType = image.gif; path = walking_right.gif; sourceTree = "<group>"; };
		36B2B8CA2FB63F2B007C1E90 /* curious.gif */ = {isa = PBXFileReference; lastKnownFileType = image.gif; path = curious.gif; sourceTree = "<group>"; };
		36B2B8CB2FB63F2B007C1E90 /* dancing.gif */ = {isa = PBXFileReference; lastKnownFileType = image.gif; path = dancing.gif; sourceTree = "<group>"; };
		36B2B8CC2FB63F2B007C1E90 /* drowsy.gif */ = {isa = PBXFileReference; lastKnownFileType = image.gif; path = drowsy.gif; sourceTree = "<group>"; };
		36B2B8CD2FB63F2B007C1E90 /* drowsy_source_sheet.png */ = {isa = PBXFileReference; lastKnownFileType = image.png; path = drowsy_source_sheet.png; sourceTree = "<group>"; };
		36B2B8CE2FB63F2B007C1E90 /* excited.gif */ = {isa = PBXFileReference; lastKnownFileType = image.gif; path = excited.gif; sourceTree = "<group>"; };
		36B2B8CF2FB63F2B007C1E90 /* hungry.gif */ = {isa = PBXFileReference; lastKnownFileType = image.gif; path = hungry.gif; sourceTree = "<group>"; };
		36B2B8D02FB63F2B007C1E90 /* jumping.gif */ = {isa = PBXFileReference; lastKnownFileType = image.gif; path = jumping.gif; sourceTree = "<group>"; };
		36B2B8D12FB63F2B007C1E90 /* manifest.json */ = {isa = PBXFileReference; lastKnownFileType = text.json; path = manifest.json; sourceTree = "<group>"; };
		36B2B8D22FB63F2B007C1E90 /* mistaking.gif */ = {isa = PBXFileReference; lastKnownFileType = image.gif; path = mistaking.gif; sourceTree = "<group>"; };
		36B2B8D32FB63F2B007C1E90 /* night_sleep.gif */ = {isa = PBXFileReference; lastKnownFileType = image.gif; path = night_sleep.gif; sourceTree = "<group>"; };
		36B2B8D42FB63F2B007C1E90 /* night_sleep_source_sheet.png */ = {isa = PBXFileReference; lastKnownFileType = image.png; path = night_sleep_source_sheet.png; sourceTree = "<group>"; };
		36B2B8D52FB63F2B007C1E90 /* penguin_expression_spritesheet.png */ = {isa = PBXFileReference; lastKnownFileType = image.png; path = penguin_expression_spritesheet.png; sourceTree = "<group>"; };
		36B2B8D62FB63F2B007C1E90 /* searching.gif */ = {isa = PBXFileReference; lastKnownFileType = image.gif; path = searching.gif; sourceTree = "<group>"; };
		36B2B8D72FB63F2B007C1E90 /* searching_source_sheet.png */ = {isa = PBXFileReference; lastKnownFileType = image.png; path = searching_source_sheet.png; sourceTree = "<group>"; };
		36B2B8D82FB63F2B007C1E90 /* talk_angry.gif */ = {isa = PBXFileReference; lastKnownFileType = image.gif; path = talk_angry.gif; sourceTree = "<group>"; };
		36B2B8D92FB63F2B007C1E90 /* talk_happy.gif */ = {isa = PBXFileReference; lastKnownFileType = image.gif; path = talk_happy.gif; sourceTree = "<group>"; };
		36B2B8DA2FB63F2B007C1E90 /* thinking.gif */ = {isa = PBXFileReference; lastKnownFileType = image.gif; path = thinking.gif; sourceTree = "<group>"; };
		36B2B8DB2FB63F2B007C1E90 /* thinking_source_sheet.png */ = {isa = PBXFileReference; lastKnownFileType = image.png; path = thinking_source_sheet.png; sourceTree = "<group>"; };
		36B2B8DD2FB63F2B007C1E90 /* curious.gif */ = {isa = PBXFileReference; lastKnownFileType = image.gif; path = curious.gif; sourceTree = "<group>"; };
		36B2B8DE2FB63F2B007C1E90 /* dance.gif */ = {isa = PBXFileReference; lastKnownFileType = image.gif; path = dance.gif; sourceTree = "<group>"; };
		36B2B8DF2FB63F2B007C1E90 /* drag_down.gif */ = {isa = PBXFileReference; lastKnownFileType = image.gif; path = drag_down.gif; sourceTree = "<group>"; };
		36B2B8E02FB63F2B007C1E90 /* drag_up.gif */ = {isa = PBXFileReference; lastKnownFileType = image.gif; path = drag_up.gif; sourceTree = "<group>"; };
		36B2B8E12FB63F2B007C1E90 /* drowsy.gif */ = {isa = PBXFileReference; lastKnownFileType = image.gif; path = drowsy.gif; sourceTree = "<group>"; };
		36B2B8E22FB63F2B007C1E90 /* expressive_happy.gif */ = {isa = PBXFileReference; lastKnownFileType = image.gif; path = expressive_happy.gif; sourceTree = "<group>"; };
		36B2B8E32FB63F2B007C1E90 /* expressive_idle.gif */ = {isa = PBXFileReference; lastKnownFileType = image.gif; path = expressive_idle.gif; sourceTree = "<group>"; };
		36B2B8E42FB63F2B007C1E90 /* expressive_sleep.gif */ = {isa = PBXFileReference; lastKnownFileType = image.gif; path = expressive_sleep.gif; sourceTree = "<group>"; };
		36B2B8E52FB63F2B007C1E90 /* expressive_talking.gif */ = {isa = PBXFileReference; lastKnownFileType = image.gif; path = expressive_talking.gif; sourceTree = "<group>"; };
		36B2B8E62FB63F2B007C1E90 /* expressive_thinking.gif */ = {isa = PBXFileReference; lastKnownFileType = image.gif; path = expressive_thinking.gif; sourceTree = "<group>"; };
		36B2B8E72FB63F2B007C1E90 /* happy.gif */ = {isa = PBXFileReference; lastKnownFileType = image.gif; path = happy.gif; sourceTree = "<group>"; };
		36B2B8E82FB63F2B007C1E90 /* idle.gif */ = {isa = PBXFileReference; lastKnownFileType = image.gif; path = idle.gif; sourceTree = "<group>"; };
		36B2B8E92FB63F2B007C1E90 /* mic_off.gif */ = {isa = PBXFileReference; lastKnownFileType = image.gif; path = mic_off.gif; sourceTree = "<group>"; };
		36B2B8EA2FB63F2B007C1E90 /* mic_off_source_sheet.png */ = {isa = PBXFileReference; lastKnownFileType = image.png; path = mic_off_source_sheet.png; sourceTree = "<group>"; };
		36B2B8EB2FB63F2B007C1E90 /* night_sleep.gif */ = {isa = PBXFileReference; lastKnownFileType = image.gif; path = night_sleep.gif; sourceTree = "<group>"; };
		36B2B8EC2FB63F2B007C1E90 /* searching.gif */ = {isa = PBXFileReference; lastKnownFileType = image.gif; path = searching.gif; sourceTree = "<group>"; };
		36B2B8ED2FB63F2B007C1E90 /* sleep.gif */ = {isa = PBXFileReference; lastKnownFileType = image.gif; path = sleep.gif; sourceTree = "<group>"; };
		36B2B8EE2FB63F2B007C1E90 /* talking.gif */ = {isa = PBXFileReference; lastKnownFileType = image.gif; path = talking.gif; sourceTree = "<group>"; };
		36B2B8EF2FB63F2B007C1E90 /* thinking.gif */ = {isa = PBXFileReference; lastKnownFileType = image.gif; path = thinking.gif; sourceTree = "<group>"; };
		36B2B8F02FB63F2B007C1E90 /* walk_left.gif */ = {isa = PBXFileReference; lastKnownFileType = image.gif; path = walk_left.gif; sourceTree = "<group>"; };
		36B2B8F12FB63F2B007C1E90 /* walk_right.gif */ = {isa = PBXFileReference; lastKnownFileType = image.gif; path = walk_right.gif; sourceTree = "<group>"; };
		A20000000000000000000001 /* ContentView.swift */ = {isa = PBXFileReference; lastKnownFileType = sourcecode.swift; path = ContentView.swift; sourceTree = "<group>"; };
		A20000000000000000000002 /* RockyApp.swift */ = {isa = PBXFileReference; lastKnownFileType = sourcecode.swift; path = RockyApp.swift; sourceTree = "<group>"; };
		A20000000000000000000003 /* PetState.swift */ = {isa = PBXFileReference; lastKnownFileType = sourcecode.swift; path = PetState.swift; sourceTree = "<group>"; };
		A20000000000000000000004 /* PetSpriteView.swift */ = {isa = PBXFileReference; lastKnownFileType = sourcecode.swift; path = PetSpriteView.swift; sourceTree = "<group>"; };
		A20000000000000000000005 /* PetWindowAccessor.swift */ = {isa = PBXFileReference; lastKnownFileType = sourcecode.swift; path = PetWindowAccessor.swift; sourceTree = "<group>"; };
		A20000000000000000000006 /* PetDragSurface.swift */ = {isa = PBXFileReference; lastKnownFileType = sourcecode.swift; path = PetDragSurface.swift; sourceTree = "<group>"; };
		A20000000000000000000007 /* Assets.xcassets */ = {isa = PBXFileReference; lastKnownFileType = folder.assetcatalog; path = Assets.xcassets; sourceTree = "<group>"; };
		A20000000000000000000008 /* spritesheet.webp */ = {isa = PBXFileReference; lastKnownFileType = file; path = spritesheet.webp; sourceTree = "<group>"; };
		A20000000000000000000009 /* pet.json */ = {isa = PBXFileReference; lastKnownFileType = text.json; path = pet.json; sourceTree = "<group>"; };
		A2000000000000000000000A /* PetBrainState.swift */ = {isa = PBXFileReference; lastKnownFileType = sourcecode.swift; path = PetBrainState.swift; sourceTree = "<group>"; };
		A2000000000000000000000B /* GeminiSettings.swift */ = {isa = PBXFileReference; lastKnownFileType = sourcecode.swift; path = GeminiSettings.swift; sourceTree = "<group>"; };
		A2000000000000000000000C /* GeminiLiveService.swift */ = {isa = PBXFileReference; lastKnownFileType = sourcecode.swift; path = GeminiLiveService.swift; sourceTree = "<group>"; };
		A2000000000000000000000D /* AudioPlaybackService.swift */ = {isa = PBXFileReference; lastKnownFileType = sourcecode.swift; path = AudioPlaybackService.swift; sourceTree = "<group>"; };
		A2000000000000000000000E /* AudioCaptureService.swift */ = {isa = PBXFileReference; lastKnownFileType = sourcecode.swift; path = AudioCaptureService.swift; sourceTree = "<group>"; };
		A2000000000000000000000F /* PetBrainViewModel.swift */ = {isa = PBXFileReference; lastKnownFileType = sourcecode.swift; path = PetBrainViewModel.swift; sourceTree = "<group>"; };
		A20000000000000000000010 /* Rocky.entitlements */ = {isa = PBXFileReference; lastKnownFileType = text.plist.entitlements; path = Rocky.entitlements; sourceTree = "<group>"; };
		A20000000000000000000011 /* Rocky/pets-gif */ = {isa = PBXFileReference; lastKnownFileType = folder; path = "Rocky/pets-gif"; sourceTree = SOURCE_ROOT; };
		A20000000000000000000012 /* baby-sleeping-breathing.mp3 */ = {isa = PBXFileReference; lastKnownFileType = audio.mp3; path = "baby-sleeping-breathing.mp3"; sourceTree = "<group>"; };
		A20000000000000000000014 /* TypingViews.swift */ = {isa = PBXFileReference; lastKnownFileType = sourcecode.swift; path = TypingViews.swift; sourceTree = "<group>"; };
		A20000000000000000000015 /* ControlCenterView.swift */ = {isa = PBXFileReference; lastKnownFileType = sourcecode.swift; path = ControlCenterView.swift; sourceTree = "<group>"; };
		A20000000000000000000016 /* UserProfileSettings.swift */ = {isa = PBXFileReference; lastKnownFileType = sourcecode.swift; path = UserProfileSettings.swift; sourceTree = "<group>"; };
		A20000000000000000000017 /* KeychainStore.swift */ = {isa = PBXFileReference; lastKnownFileType = sourcecode.swift; path = KeychainStore.swift; sourceTree = "<group>"; };
		A2000000000000000000001B /* PluginProvider.swift */ = {isa = PBXFileReference; lastKnownFileType = sourcecode.swift; path = PluginProvider.swift; sourceTree = "<group>"; };
		A2000000000000000000001C /* PluginConnectionStore.swift */ = {isa = PBXFileReference; lastKnownFileType = sourcecode.swift; path = PluginConnectionStore.swift; sourceTree = "<group>"; };
		A2000000000000000000001D /* PluginConnectionService.swift */ = {isa = PBXFileReference; lastKnownFileType = sourcecode.swift; path = PluginConnectionService.swift; sourceTree = "<group>"; };
		A2000000000000000000001E /* PluginToolExecutionService.swift */ = {isa = PBXFileReference; lastKnownFileType = sourcecode.swift; path = PluginToolExecutionService.swift; sourceTree = "<group>"; };
		A2000000000000000000001F /* GmailModels.swift */ = {isa = PBXFileReference; lastKnownFileType = sourcecode.swift; path = GmailModels.swift; sourceTree = "<group>"; };
		A20000000000000000000020 /* ShortcutSettings.swift */ = {isa = PBXFileReference; lastKnownFileType = sourcecode.swift; path = ShortcutSettings.swift; sourceTree = "<group>"; };
		A20000000000000000000021 /* ScheduleModels.swift */ = {isa = PBXFileReference; lastKnownFileType = sourcecode.swift; path = ScheduleModels.swift; sourceTree = "<group>"; };
		A20000000000000000000022 /* ScheduleService.swift */ = {isa = PBXFileReference; lastKnownFileType = sourcecode.swift; path = ScheduleService.swift; sourceTree = "<group>"; };
		A20000000000000000000023 /* MemoryService.swift */ = {isa = PBXFileReference; lastKnownFileType = sourcecode.swift; path = MemoryService.swift; sourceTree = "<group>"; };
		A20000000000000000000024 /* MemorySettingsModels.swift */ = {isa = PBXFileReference; lastKnownFileType = sourcecode.swift; path = MemorySettingsModels.swift; sourceTree = "<group>"; };
		A20000000000000000000025 /* AppUpdateService.swift */ = {isa = PBXFileReference; lastKnownFileType = sourcecode.swift; path = AppUpdateService.swift; sourceTree = "<group>"; };
/* End PBXFileReference section */

/* Begin PBXFrameworksBuildPhase section */
		36760CA52FB476740099178D /* Frameworks */ = {
			isa = PBXFrameworksBuildPhase;
			buildActionMask = 2147483647;
			files = (
			);
			runOnlyForDeploymentPostprocessing = 0;
		};
/* End PBXFrameworksBuildPhase section */

/* Begin PBXGroup section */
		36087C962FC8193F00C0EC76 /* Recovered References */ = {
			isa = PBXGroup;
			children = (
				A20000000000000000000011 /* Rocky/pets-gif */,
			);
			name = "Recovered References";
			sourceTree = "<group>";
		};
		36760C9F2FB476740099178D = {
			isa = PBXGroup;
			children = (
				36760CAA2FB476740099178D /* Rocky */,
				36760CA92FB476740099178D /* Products */,
				36087C962FC8193F00C0EC76 /* Recovered References */,
			);
			sourceTree = "<group>";
		};
		36760CA92FB476740099178D /* Products */ = {
			isa = PBXGroup;
			children = (
				36760CA82FB476740099178D /* Rocky.app */,
			);
			name = Products;
			sourceTree = "<group>";
		};
		36760CAA2FB476740099178D /* Rocky */ = {
			isa = PBXGroup;
			children = (
				36B2B8F32FB63F2B007C1E90 /* pets-gif */,
				A2000000000000000000000E /* AudioCaptureService.swift */,
				A2000000000000000000000D /* AudioPlaybackService.swift */,
				A20000000000000000000001 /* ContentView.swift */,
				A2000000000000000000000C /* GeminiLiveService.swift */,
				A2000000000000000000000B /* GeminiSettings.swift */,
				A2000000000000000000000A /* PetBrainState.swift */,
				A2000000000000000000000F /* PetBrainViewModel.swift */,
				A20000000000000000000006 /* PetDragSurface.swift */,
				A20000000000000000000004 /* PetSpriteView.swift */,
				A20000000000000000000003 /* PetState.swift */,
				A20000000000000000000005 /* PetWindowAccessor.swift */,
				A20000000000000000000010 /* Rocky.entitlements */,
				A20000000000000000000002 /* RockyApp.swift */,
				A20000000000000000000015 /* ControlCenterView.swift */,
				A20000000000000000000014 /* TypingViews.swift */,
				A20000000000000000000016 /* UserProfileSettings.swift */,
				A20000000000000000000020 /* ShortcutSettings.swift */,
				A20000000000000000000021 /* ScheduleModels.swift */,
				A20000000000000000000022 /* ScheduleService.swift */,
				A20000000000000000000023 /* MemoryService.swift */,
				A20000000000000000000024 /* MemorySettingsModels.swift */,
				A20000000000000000000025 /* AppUpdateService.swift */,
				A20000000000000000000017 /* KeychainStore.swift */,
				A2000000000000000000001F /* GmailModels.swift */,
				A2000000000000000000001B /* PluginProvider.swift */,
				A2000000000000000000001C /* PluginConnectionStore.swift */,
				A2000000000000000000001D /* PluginConnectionService.swift */,
				A2000000000000000000001E /* PluginToolExecutionService.swift */,
				A30000000000000000000001 /* Resources */,
				A20000000000000000000007 /* Assets.xcassets */,
			);
			path = Rocky;
			sourceTree = "<group>";
		};
		36B2B8BE2FB63F2B007C1E90 /* golem_female */ = {
			isa = PBXGroup;
			children = (
				36B2B8B42FB63F2B007C1E90 /* dance.gif */,
				36B2B8B52FB63F2B007C1E90 /* drag_down.gif */,
				36B2B8B62FB63F2B007C1E90 /* drag_up.gif */,
				36B2B8B72FB63F2B007C1E90 /* happy.gif */,
				36B2B8B82FB63F2B007C1E90 /* idle.gif */,
				36B2B8B92FB63F2B007C1E90 /* sleep.gif */,
				36B2B8BA2FB63F2B007C1E90 /* talking.gif */,
				36B2B8BB2FB63F2B007C1E90 /* thinking.gif */,
				36B2B8BC2FB63F2B007C1E90 /* walk_left.gif */,
				36B2B8BD2FB63F2B007C1E90 /* walk_right.gif */,
			);
			path = golem_female;
			sourceTree = "<group>";
		};
		36B2B8C92FB63F2B007C1E90 /* golem_male */ = {
			isa = PBXGroup;
			children = (
				36B2B8BF2FB63F2B007C1E90 /* dance.gif */,
				36B2B8C02FB63F2B007C1E90 /* drag_down.gif */,
				36B2B8C12FB63F2B007C1E90 /* drag_up.gif */,
				36B2B8C22FB63F2B007C1E90 /* happy.gif */,
				36B2B8C32FB63F2B007C1E90 /* idle.gif */,
				36B2B8C42FB63F2B007C1E90 /* sleeping.gif */,
				36B2B8C52FB63F2B007C1E90 /* talking.gif */,
				36B2B8C62FB63F2B007C1E90 /* thinking.gif */,
				36B2B8C72FB63F2B007C1E90 /* walking_left.gif */,
				36B2B8C82FB63F2B007C1E90 /* walking_right.gif */,
			);
			path = golem_male;
			sourceTree = "<group>";
		};
		36B2B8DC2FB63F2B007C1E90 /* expressions */ = {
			isa = PBXGroup;
			children = (
				36B2B8CA2FB63F2B007C1E90 /* curious.gif */,
				36B2B8CB2FB63F2B007C1E90 /* dancing.gif */,
				36B2B8CC2FB63F2B007C1E90 /* drowsy.gif */,
				36B2B8CD2FB63F2B007C1E90 /* drowsy_source_sheet.png */,
				36B2B8CE2FB63F2B007C1E90 /* excited.gif */,
				36B2B8CF2FB63F2B007C1E90 /* hungry.gif */,
				36B2B8D02FB63F2B007C1E90 /* jumping.gif */,
				36B2B8D12FB63F2B007C1E90 /* manifest.json */,
				36B2B8D22FB63F2B007C1E90 /* mistaking.gif */,
				36B2B8D32FB63F2B007C1E90 /* night_sleep.gif */,
				36B2B8D42FB63F2B007C1E90 /* night_sleep_source_sheet.png */,
				36B2B8D52FB63F2B007C1E90 /* penguin_expression_spritesheet.png */,
				36B2B8D62FB63F2B007C1E90 /* searching.gif */,
				36B2B8D72FB63F2B007C1E90 /* searching_source_sheet.png */,
				36B2B8D82FB63F2B007C1E90 /* talk_angry.gif */,
				36B2B8D92FB63F2B007C1E90 /* talk_happy.gif */,
				36B2B8DA2FB63F2B007C1E90 /* thinking.gif */,
				36B2B8DB2FB63F2B007C1E90 /* thinking_source_sheet.png */,
			);
			path = expressions;
			sourceTree = "<group>";
		};
		36B2B8F22FB63F2B007C1E90 /* penguine */ = {
			isa = PBXGroup;
			children = (
				36B2B8DC2FB63F2B007C1E90 /* expressions */,
				36B2B8DD2FB63F2B007C1E90 /* curious.gif */,
				36B2B8DE2FB63F2B007C1E90 /* dance.gif */,
				36B2B8DF2FB63F2B007C1E90 /* drag_down.gif */,
				36B2B8E02FB63F2B007C1E90 /* drag_up.gif */,
				36B2B8E12FB63F2B007C1E90 /* drowsy.gif */,
				36B2B8E22FB63F2B007C1E90 /* expressive_happy.gif */,
				36B2B8E32FB63F2B007C1E90 /* expressive_idle.gif */,
				36B2B8E42FB63F2B007C1E90 /* expressive_sleep.gif */,
				36B2B8E52FB63F2B007C1E90 /* expressive_talking.gif */,
				36B2B8E62FB63F2B007C1E90 /* expressive_thinking.gif */,
				36B2B8E72FB63F2B007C1E90 /* happy.gif */,
				36B2B8E82FB63F2B007C1E90 /* idle.gif */,
				36B2B8E92FB63F2B007C1E90 /* mic_off.gif */,
				36B2B8EA2FB63F2B007C1E90 /* mic_off_source_sheet.png */,
				36B2B8EB2FB63F2B007C1E90 /* night_sleep.gif */,
				36B2B8EC2FB63F2B007C1E90 /* searching.gif */,
				36B2B8ED2FB63F2B007C1E90 /* sleep.gif */,
				36B2B8EE2FB63F2B007C1E90 /* talking.gif */,
				36B2B8EF2FB63F2B007C1E90 /* thinking.gif */,
				36B2B8F02FB63F2B007C1E90 /* walk_left.gif */,
				36B2B8F12FB63F2B007C1E90 /* walk_right.gif */,
			);
			path = penguine;
			sourceTree = "<group>";
		};
		36B2B8F32FB63F2B007C1E90 /* pets-gif */ = {
			isa = PBXGroup;
			children = (
				36B2B8BE2FB63F2B007C1E90 /* golem_female */,
				36B2B8C92FB63F2B007C1E90 /* golem_male */,
				36B2B8F22FB63F2B007C1E90 /* penguine */,
			);
			path = "pets-gif";
			sourceTree = "<group>";
		};
		A30000000000000000000001 /* Resources */ = {
			isa = PBXGroup;
			children = (
				A30000000000000000000002 /* Dario */,
				A30000000000000000000003 /* Sounds */,
			);
			path = Resources;
			sourceTree = "<group>";
		};
		A30000000000000000000002 /* Dario */ = {
			isa = PBXGroup;
			children = (
				A20000000000000000000009 /* pet.json */,
				A20000000000000000000008 /* spritesheet.webp */,
			);
			path = Dario;
			sourceTree = "<group>";
		};
		A30000000000000000000003 /* Sounds */ = {
			isa = PBXGroup;
			children = (
				A20000000000000000000012 /* baby-sleeping-breathing.mp3 */,
			);
			path = Sounds;
			sourceTree = "<group>";
		};
/* End PBXGroup section */

/* Begin PBXNativeTarget section */
		36760CA72FB476740099178D /* Rocky */ = {
			isa = PBXNativeTarget;
			buildConfigurationList = 36760CB32FB476750099178D /* Build configuration list for PBXNativeTarget "Rocky" */;
			buildPhases = (
				36760CA42FB476740099178D /* Sources */,
				36760CA52FB476740099178D /* Frameworks */,
				36760CA62FB476740099178D /* Resources */,
			);
			buildRules = (
			);
			dependencies = (
			);
			name = Rocky;
			packageProductDependencies = (
			);
			productName = Rocky;
			productReference = 36760CA82FB476740099178D /* Rocky.app */;
			productType = "com.apple.product-type.application";
		};
/* End PBXNativeTarget section */

/* Begin PBXProject section */
		36760CA02FB476740099178D /* Project object */ = {
			isa = PBXProject;
			attributes = {
				BuildIndependentTargetsInParallel = 1;
				LastSwiftUpdateCheck = 2650;
				LastUpgradeCheck = 2650;
				TargetAttributes = {
					36760CA72FB476740099178D = {
						CreatedOnToolsVersion = 26.5;
					};
				};
			};
			buildConfigurationList = 36760CA32FB476740099178D /* Build configuration list for PBXProject "Rocky" */;
			developmentRegion = en;
			hasScannedForEncodings = 0;
			knownRegions = (
				en,
				Base,
			);
			mainGroup = 36760C9F2FB476740099178D;
			minimizedProjectReferenceProxies = 1;
			preferredProjectObjectVersion = 77;
			productRefGroup = 36760CA92FB476740099178D /* Products */;
			projectDirPath = "";
			projectRoot = "";
			targets = (
				36760CA72FB476740099178D /* Rocky */,
			);
		};
/* End PBXProject section */

/* Begin PBXResourcesBuildPhase section */
		36760CA62FB476740099178D /* Resources */ = {
			isa = PBXResourcesBuildPhase;
			buildActionMask = 2147483647;
			files = (
				A10000000000000000000011 /* Rocky/pets-gif in Resources */,
				A10000000000000000000007 /* Assets.xcassets in Resources */,
				A10000000000000000000012 /* baby-sleeping-breathing.mp3 in Resources */,
				A10000000000000000000009 /* pet.json in Resources */,
				A10000000000000000000008 /* spritesheet.webp in Resources */,
			);
			runOnlyForDeploymentPostprocessing = 0;
		};
/* End PBXResourcesBuildPhase section */

/* Begin PBXSourcesBuildPhase section */
		36760CA42FB476740099178D /* Sources */ = {
			isa = PBXSourcesBuildPhase;
			buildActionMask = 2147483647;
			files = (
				A10000000000000000000001 /* ContentView.swift in Sources */,
				A1000000000000000000000C /* GeminiLiveService.swift in Sources */,
				A1000000000000000000000B /* GeminiSettings.swift in Sources */,
				A1000000000000000000000E /* AudioCaptureService.swift in Sources */,
				A1000000000000000000000D /* AudioPlaybackService.swift in Sources */,
				A1000000000000000000000A /* PetBrainState.swift in Sources */,
				A1000000000000000000000F /* PetBrainViewModel.swift in Sources */,
				A10000000000000000000006 /* PetDragSurface.swift in Sources */,
				A10000000000000000000004 /* PetSpriteView.swift in Sources */,
				A10000000000000000000003 /* PetState.swift in Sources */,
				A10000000000000000000005 /* PetWindowAccessor.swift in Sources */,
				A10000000000000000000002 /* RockyApp.swift in Sources */,
				A10000000000000000000015 /* ControlCenterView.swift in Sources */,
				A10000000000000000000014 /* TypingViews.swift in Sources */,
				A10000000000000000000016 /* UserProfileSettings.swift in Sources */,
				A10000000000000000000020 /* ShortcutSettings.swift in Sources */,
				A10000000000000000000021 /* ScheduleModels.swift in Sources */,
				A10000000000000000000022 /* ScheduleService.swift in Sources */,
				A10000000000000000000023 /* MemoryService.swift in Sources */,
				A10000000000000000000024 /* MemorySettingsModels.swift in Sources */,
				A10000000000000000000025 /* AppUpdateService.swift in Sources */,
				A10000000000000000000017 /* KeychainStore.swift in Sources */,
				A1000000000000000000001F /* GmailModels.swift in Sources */,
				A1000000000000000000001B /* PluginProvider.swift in Sources */,
				A1000000000000000000001C /* PluginConnectionStore.swift in Sources */,
				A1000000000000000000001D /* PluginConnectionService.swift in Sources */,
				A1000000000000000000001E /* PluginToolExecutionService.swift in Sources */,
			);
			runOnlyForDeploymentPostprocessing = 0;
		};
/* End PBXSourcesBuildPhase section */

/* Begin XCBuildConfiguration section */
		36760CB12FB476750099178D /* Debug */ = {
			isa = XCBuildConfiguration;
			buildSettings = {
				ALWAYS_SEARCH_USER_PATHS = NO;
				ASSETCATALOG_COMPILER_GENERATE_SWIFT_ASSET_SYMBOL_EXTENSIONS = YES;
				CLANG_ANALYZER_NONNULL = YES;
				CLANG_ANALYZER_NUMBER_OBJECT_CONVERSION = YES_AGGRESSIVE;
				CLANG_CXX_LANGUAGE_STANDARD = "gnu++20";
				CLANG_ENABLE_MODULES = YES;
				CLANG_ENABLE_OBJC_ARC = YES;
				CLANG_ENABLE_OBJC_WEAK = YES;
				CLANG_WARN_BLOCK_CAPTURE_AUTORELEASING = YES;
				CLANG_WARN_BOOL_CONVERSION = YES;
				CLANG_WARN_COMMA = YES;
				CLANG_WARN_CONSTANT_CONVERSION = YES;
				CLANG_WARN_DEPRECATED_OBJC_IMPLEMENTATIONS = YES;
				CLANG_WARN_DIRECT_OBJC_ISA_USAGE = YES_ERROR;
				CLANG_WARN_DOCUMENTATION_COMMENTS = YES;
				CLANG_WARN_EMPTY_BODY = YES;
				CLANG_WARN_ENUM_CONVERSION = YES;
				CLANG_WARN_INFINITE_RECURSION = YES;
				CLANG_WARN_INT_CONVERSION = YES;
				CLANG_WARN_NON_LITERAL_NULL_CONVERSION = YES;
				CLANG_WARN_OBJC_IMPLICIT_RETAIN_SELF = YES;
				CLANG_WARN_OBJC_LITERAL_CONVERSION = YES;
				CLANG_WARN_OBJC_ROOT_CLASS = YES_ERROR;
				CLANG_WARN_QUOTED_INCLUDE_IN_FRAMEWORK_HEADER = YES;
				CLANG_WARN_RANGE_LOOP_ANALYSIS = YES;
				CLANG_WARN_STRICT_PROTOTYPES = YES;
				CLANG_WARN_SUSPICIOUS_MOVE = YES;
				CLANG_WARN_UNGUARDED_AVAILABILITY = YES_AGGRESSIVE;
				CLANG_WARN_UNREACHABLE_CODE = YES;
				CLANG_WARN__DUPLICATE_METHOD_MATCH = YES;
				COPY_PHASE_STRIP = NO;
				DEBUG_INFORMATION_FORMAT = dwarf;
				DEVELOPMENT_TEAM = 5D8LD8FV4R;
				ENABLE_STRICT_OBJC_MSGSEND = YES;
				ENABLE_TESTABILITY = YES;
				ENABLE_USER_SCRIPT_SANDBOXING = YES;
				GCC_C_LANGUAGE_STANDARD = gnu17;
				GCC_DYNAMIC_NO_PIC = NO;
				GCC_NO_COMMON_BLOCKS = YES;
				GCC_OPTIMIZATION_LEVEL = 0;
				GCC_PREPROCESSOR_DEFINITIONS = (
					"DEBUG=1",
					"$(inherited)",
				);
				GCC_WARN_64_TO_32_BIT_CONVERSION = YES;
				GCC_WARN_ABOUT_RETURN_TYPE = YES_ERROR;
				GCC_WARN_UNDECLARED_SELECTOR = YES;
				GCC_WARN_UNINITIALIZED_AUTOS = YES_AGGRESSIVE;
				GCC_WARN_UNUSED_FUNCTION = YES;
				GCC_WARN_UNUSED_VARIABLE = YES;
				LOCALIZATION_PREFERS_STRING_CATALOGS = YES;
				MACOSX_DEPLOYMENT_TARGET = 26.5;
				MTL_ENABLE_DEBUG_INFO = INCLUDE_SOURCE;
				MTL_FAST_MATH = YES;
				ONLY_ACTIVE_ARCH = YES;
				SDKROOT = macosx;
				SWIFT_ACTIVE_COMPILATION_CONDITIONS = "DEBUG $(inherited)";
				SWIFT_OPTIMIZATION_LEVEL = "-Onone";
			};
			name = Debug;
		};
		36760CB22FB476750099178D /* Release */ = {
			isa = XCBuildConfiguration;
			buildSettings = {
				ALWAYS_SEARCH_USER_PATHS = NO;
				ASSETCATALOG_COMPILER_GENERATE_SWIFT_ASSET_SYMBOL_EXTENSIONS = YES;
				CLANG_ANALYZER_NONNULL = YES;
				CLANG_ANALYZER_NUMBER_OBJECT_CONVERSION = YES_AGGRESSIVE;
				CLANG_CXX_LANGUAGE_STANDARD = "gnu++20";
				CLANG_ENABLE_MODULES = YES;
				CLANG_ENABLE_OBJC_ARC = YES;
				CLANG_ENABLE_OBJC_WEAK = YES;
				CLANG_WARN_BLOCK_CAPTURE_AUTORELEASING = YES;
				CLANG_WARN_BOOL_CONVERSION = YES;
				CLANG_WARN_COMMA = YES;
				CLANG_WARN_CONSTANT_CONVERSION = YES;
				CLANG_WARN_DEPRECATED_OBJC_IMPLEMENTATIONS = YES;
				CLANG_WARN_DIRECT_OBJC_ISA_USAGE = YES_ERROR;
				CLANG_WARN_DOCUMENTATION_COMMENTS = YES;
				CLANG_WARN_EMPTY_BODY = YES;
				CLANG_WARN_ENUM_CONVERSION = YES;
				CLANG_WARN_INFINITE_RECURSION = YES;
				CLANG_WARN_INT_CONVERSION = YES;
				CLANG_WARN_NON_LITERAL_NULL_CONVERSION = YES;
				CLANG_WARN_OBJC_IMPLICIT_RETAIN_SELF = YES;
				CLANG_WARN_OBJC_LITERAL_CONVERSION = YES;
				CLANG_WARN_OBJC_ROOT_CLASS = YES_ERROR;
				CLANG_WARN_QUOTED_INCLUDE_IN_FRAMEWORK_HEADER = YES;
				CLANG_WARN_RANGE_LOOP_ANALYSIS = YES;
				CLANG_WARN_STRICT_PROTOTYPES = YES;
				CLANG_WARN_SUSPICIOUS_MOVE = YES;
				CLANG_WARN_UNGUARDED_AVAILABILITY = YES_AGGRESSIVE;
				CLANG_WARN_UNREACHABLE_CODE = YES;
				CLANG_WARN__DUPLICATE_METHOD_MATCH = YES;
				COPY_PHASE_STRIP = NO;
				DEBUG_INFORMATION_FORMAT = "dwarf-with-dsym";
				DEVELOPMENT_TEAM = 5D8LD8FV4R;
				ENABLE_NS_ASSERTIONS = NO;
				ENABLE_STRICT_OBJC_MSGSEND = YES;
				ENABLE_USER_SCRIPT_SANDBOXING = YES;
				GCC_C_LANGUAGE_STANDARD = gnu17;
				GCC_NO_COMMON_BLOCKS = YES;
				GCC_WARN_64_TO_32_BIT_CONVERSION = YES;
				GCC_WARN_ABOUT_RETURN_TYPE = YES_ERROR;
				GCC_WARN_UNDECLARED_SELECTOR = YES;
				GCC_WARN_UNINITIALIZED_AUTOS = YES_AGGRESSIVE;
				GCC_WARN_UNUSED_FUNCTION = YES;
				GCC_WARN_UNUSED_VARIABLE = YES;
				LOCALIZATION_PREFERS_STRING_CATALOGS = YES;
				MACOSX_DEPLOYMENT_TARGET = 26.5;
				MTL_ENABLE_DEBUG_INFO = NO;
				MTL_FAST_MATH = YES;
				SDKROOT = macosx;
				SWIFT_COMPILATION_MODE = wholemodule;
			};
			name = Release;
		};
		36760CB42FB476750099178D /* Debug */ = {
			isa = XCBuildConfiguration;
			buildSettings = {
				ASSETCATALOG_COMPILER_APPICON_NAME = AppIcon;
				ASSETCATALOG_COMPILER_GLOBAL_ACCENT_COLOR_NAME = AccentColor;
				CODE_SIGN_ENTITLEMENTS = Rocky/Rocky.entitlements;
				CODE_SIGN_STYLE = Automatic;
				COMBINE_HIDPI_IMAGES = YES;
				CURRENT_PROJECT_VERSION = 1;
				DEVELOPMENT_TEAM = 5D8LD8FV4R;
				ENABLE_APP_SANDBOX = NO;
				ENABLE_HARDENED_RUNTIME = YES;
				ENABLE_PREVIEWS = YES;
				ENABLE_USER_SELECTED_FILES = readonly;
				GENERATE_INFOPLIST_FILE = YES;
				INFOPLIST_KEY_NSHumanReadableCopyright = "";
				INFOPLIST_KEY_NSMicrophoneUsageDescription = "Rocky needs microphone access so you can talk to your desktop pet.";
				LD_RUNPATH_SEARCH_PATHS = (
					"$(inherited)",
					"@executable_path/../Frameworks",
				);
				MARKETING_VERSION = 1.1;
				PRODUCT_BUNDLE_IDENTIFIER = com.anil.Rocky;
				PRODUCT_NAME = "$(TARGET_NAME)";
				REGISTER_APP_GROUPS = YES;
				STRING_CATALOG_GENERATE_SYMBOLS = YES;
				SWIFT_APPROACHABLE_CONCURRENCY = YES;
				SWIFT_DEFAULT_ACTOR_ISOLATION = MainActor;
				SWIFT_EMIT_LOC_STRINGS = YES;
				SWIFT_UPCOMING_FEATURE_MEMBER_IMPORT_VISIBILITY = YES;
				SWIFT_VERSION = 5.0;
			};
			name = Debug;
		};
		36760CB52FB476750099178D /* Release */ = {
			isa = XCBuildConfiguration;
			buildSettings = {
				ASSETCATALOG_COMPILER_APPICON_NAME = AppIcon;
				ASSETCATALOG_COMPILER_GLOBAL_ACCENT_COLOR_NAME = AccentColor;
				CODE_SIGN_ENTITLEMENTS = Rocky/Rocky.entitlements;
				CODE_SIGN_STYLE = Automatic;
				COMBINE_HIDPI_IMAGES = YES;
				CURRENT_PROJECT_VERSION = 1;
				DEVELOPMENT_TEAM = 5D8LD8FV4R;
				ENABLE_APP_SANDBOX = NO;
				ENABLE_HARDENED_RUNTIME = YES;
				ENABLE_PREVIEWS = YES;
				ENABLE_USER_SELECTED_FILES = readonly;
				GENERATE_INFOPLIST_FILE = YES;
				INFOPLIST_KEY_NSHumanReadableCopyright = "";
				INFOPLIST_KEY_NSMicrophoneUsageDescription = "Rocky needs microphone access so you can talk to your desktop pet.";
				LD_RUNPATH_SEARCH_PATHS = (
					"$(inherited)",
					"@executable_path/../Frameworks",
				);
				MARKETING_VERSION = 1.1;
				PRODUCT_BUNDLE_IDENTIFIER = com.anil.Rocky;
				PRODUCT_NAME = "$(TARGET_NAME)";
				REGISTER_APP_GROUPS = YES;
				STRING_CATALOG_GENERATE_SYMBOLS = YES;
				SWIFT_APPROACHABLE_CONCURRENCY = YES;
				SWIFT_DEFAULT_ACTOR_ISOLATION = MainActor;
				SWIFT_EMIT_LOC_STRINGS = YES;
				SWIFT_UPCOMING_FEATURE_MEMBER_IMPORT_VISIBILITY = YES;
				SWIFT_VERSION = 5.0;
			};
			name = Release;
		};
/* End XCBuildConfiguration section */

/* Begin XCConfigurationList section */
		36760CA32FB476740099178D /* Build configuration list for PBXProject "Rocky" */ = {
			isa = XCConfigurationList;
			buildConfigurations = (
				36760CB12FB476750099178D /* Debug */,
				36760CB22FB476750099178D /* Release */,
			);
			defaultConfigurationIsVisible = 0;
			defaultConfigurationName = Release;
		};
		36760CB32FB476750099178D /* Build configuration list for PBXNativeTarget "Rocky" */ = {
			isa = XCConfigurationList;
			buildConfigurations = (
				36760CB42FB476750099178D /* Debug */,
				36760CB52FB476750099178D /* Release */,
			);
			defaultConfigurationIsVisible = 0;
			defaultConfigurationName = Release;
		};
/* End XCConfigurationList section */
	};
	rootObject = 36760CA02FB476740099178D /* Project object */;
}
